// !$*UTF8*$!
{
	archiveVersion = 1;
	classes = {
	};
	objectVersion = 50;
	objects = {

/* Begin PBXBuildFile section */
		97AF960A0E26BECC3C608FEA /* Pods_MessengerApp.framework in Frameworks */ = {isa = PBXBuildFile; fileRef = 5A59395AC82DF278C5E57953 /* Pods_MessengerApp.framework */; };
		9E0D206B2238368300E1F824 /* ContactCell.swift in Sources */ = {isa = PBXBuildFile; fileRef = 9E0D206A2238368300E1F824 /* ContactCell.swift */; };
		9E2515F82237F177001797FC /* NewMessageController.swift in Sources */ = {isa = PBXBuildFile; fileRef = 9E2515F72237F177001797FC /* NewMessageController.swift */; };
		9E2515FB2237FA93001797FC /* User.swift in Sources */ = {isa = PBXBuildFile; fileRef = 9E2515FA2237FA93001797FC /* User.swift */; };
		9E2515FE22380904001797FC /* SendMessageController.swift in Sources */ = {isa = PBXBuildFile; fileRef = 9E2515FD22380904001797FC /* SendMessageController.swift */; };
		9E38604F223D4143001958B0 /* LoginController+handlers.swift in Sources */ = {isa = PBXBuildFile; fileRef = 9E38604E223D4143001958B0 /* LoginController+handlers.swift */; };
		9EA673F12246B67E00CCCDBC /* Message.swift in Sources */ = {isa = PBXBuildFile; fileRef = 9EA673F02246B67E00CCCDBC /* Message.swift */; };
		9EA673F42246B9AB00CCCDBC /* CustomMessageCell.swift in Sources */ = {isa = PBXBuildFile; fileRef = 9EA673F32246B9AB00CCCDBC /* CustomMessageCell.swift */; };
		9EAA17582224809500C89F5D /* AppDelegate.swift in Sources */ = {isa = PBXBuildFile; fileRef = 9EAA17572224809500C89F5D /* AppDelegate.swift */; };
		9EAA175A2224809500C89F5D /* LoginController.swift in Sources */ = {isa = PBXBuildFile; fileRef = 9EAA17592224809500C89F5D /* LoginController.swift */; };
		9EAA175D2224809500C89F5D /* Main.storyboard in Resources */ = {isa = PBXBuildFile; fileRef = 9EAA175B2224809500C89F5D /* Main.storyboard */; };
		9EAA175F2224809600C89F5D /* Assets.xcassets in Resources */ = {isa = PBXBuildFile; fileRef = 9EAA175E2224809600C89F5D /* Assets.xcassets */; };
		9EAA17622224809600C89F5D /* LaunchScreen.storyboard in Resources */ = {isa = PBXBuildFile; fileRef = 9EAA17602224809600C89F5D /* LaunchScreen.storyboard */; };
		9EAA176A2224813600C89F5D /* GoogleService-Info.plist in Resources */ = {isa = PBXBuildFile; fileRef = 9EAA17692224813600C89F5D /* GoogleService-Info.plist */; };
		9EAF9D162240EA8D000447B2 /* Extensions.swift in Sources */ = {isa = PBXBuildFile; fileRef = 9EAF9D152240EA8D000447B2 /* Extensions.swift */; };
		9EEA032B222537EE00912810 /* UserMainPageController.swift in Sources */ = {isa = PBXBuildFile; fileRef = 9EEA032A222537EE00912810 /* UserMainPageController.swift */; };
/* End PBXBuildFile section */

/* Begin PBXFileReference section */
		5270CEE9532154F1AE547C2B /* Pods-MessengerApp.debug.xcconfig */ = {isa = PBXFileReference; includeInIndex = 1; lastKnownFileType = text.xcconfig; name = "Pods-MessengerApp.debug.xcconfig"; path = "Pods/Target Support Files/Pods-MessengerApp/Pods-MessengerApp.debug.xcconfig"; sourceTree = "<group>"; };
		5A59395AC82DF278C5E57953 /* Pods_MessengerApp.framework */ = {isa = PBXFileReference; explicitFileType = wrapper.framework; includeInIndex = 0; path = Pods_MessengerApp.framework; sourceTree = BUILT_PRODUCTS_DIR; };
		9E0D206A2238368300E1F824 /* ContactCell.swift */ = {isa = PBXFileReference; lastKnownFileType = sourcecode.swift; path = ContactCell.swift; sourceTree = "<group>"; };
		9E2515F72237F177001797FC /* NewMessageController.swift */ = {isa = PBXFileReference; lastKnownFileType = sourcecode.swift; path = NewMessageController.swift; sourceTree = "<group>"; };
		9E2515FA2237FA93001797FC /* User.swift */ = {isa = PBXFileReference; lastKnownFileType = sourcecode.swift; path = User.swift; sourceTree = "<group>"; };
		9E2515FD22380904001797FC /* SendMessageController.swift */ = {isa = PBXFileReference; lastKnownFileType = sourcecode.swift; path = SendMessageController.swift; sourceTree = "<group>"; };
		9E38604E223D4143001958B0 /* LoginController+handlers.swift */ = {isa = PBXFileReference; lastKnownFileType = sourcecode.swift; path = "LoginController+handlers.swift"; sourceTree = "<group>"; };
		9EA673F02246B67E00CCCDBC /* Message.swift */ = {isa = PBXFileReference; lastKnownFileType = sourcecode.swift; path = Message.swift; sourceTree = "<group>"; };
		9EA673F32246B9AB00CCCDBC /* CustomMessageCell.swift */ = {isa = PBXFileReference; lastKnownFileType = sourcecode.swift; path = CustomMessageCell.swift; sourceTree = "<group>"; };
		9EAA17542224809500C89F5D /* MessengerApp.app */ = {isa = PBXFileReference; explicitFileType = wrapper.application; includeInIndex = 0; path = MessengerApp.app; sourceTree = BUILT_PRODUCTS_DIR; };
		9EAA17572224809500C89F5D /* AppDelegate.swift */ = {isa = PBXFileReference; lastKnownFileType = sourcecode.swift; path = AppDelegate.swift; sourceTree = "<group>"; };
		9EAA17592224809500C89F5D /* LoginController.swift */ = {isa = PBXFileReference; lastKnownFileType = sourcecode.swift; path = LoginController.swift; sourceTree = "<group>"; };
		9EAA175C2224809500C89F5D /* Base */ = {isa = PBXFileReference; lastKnownFileType = file.storyboard; name = Base; path = Base.lproj/Main.storyboard; sourceTree = "<group>"; };
		9EAA175E2224809600C89F5D /* Assets.xcassets */ = {isa = PBXFileReference; lastKnownFileType = folder.assetcatalog; path = Assets.xcassets; sourceTree = "<group>"; };
		9EAA17612224809600C89F5D /* Base */ = {isa = PBXFileReference; lastKnownFileType = file.storyboard; name = Base; path = Base.lproj/LaunchScreen.storyboard; sourceTree = "<group>"; };
		9EAA17632224809600C89F5D /* Info.plist */ = {isa = PBXFileReference; lastKnownFileType = text.plist.xml; path = Info.plist; sourceTree = "<group>"; };
		9EAA17692224813600C89F5D /* GoogleService-Info.plist */ = {isa = PBXFileReference; fileEncoding = 4; lastKnownFileType = text.plist.xml; path = "GoogleService-Info.plist"; sourceTree = "<group>"; };
		9EAF9D152240EA8D000447B2 /* Extensions.swift */ = {isa = PBXFileReference; lastKnownFileType = sourcecode.swift; path = Extensions.swift; sourceTree = "<group>"; };
		9EEA032A222537EE00912810 /* UserMainPageController.swift */ = {isa = PBXFileReference; lastKnownFileType = sourcecode.swift; path = UserMainPageController.swift; sourceTree = "<group>"; };
		D12300719942B48C2E489EF6 /* Pods-MessengerApp.release.xcconfig */ = {isa = PBXFileReference; includeInIndex = 1; lastKnownFileType = text.xcconfig; name = "Pods-MessengerApp.release.xcconfig"; path = "Pods/Target Support Files/Pods-MessengerApp/Pods-MessengerApp.release.xcconfig"; sourceTree = "<group>"; };
/* End PBXFileReference section */

/* Begin PBXFrameworksBuildPhase section */
		9EAA17512224809500C89F5D /* Frameworks */ = {
			isa = PBXFrameworksBuildPhase;
			buildActionMask = 2147483647;
			files = (
				97AF960A0E26BECC3C608FEA /* Pods_MessengerApp.framework in Frameworks */,
			);
			runOnlyForDeploymentPostprocessing = 0;
		};
/* End PBXFrameworksBuildPhase section */

/* Begin PBXGroup section */
		9E0D206922382A0F00E1F824 /* Views */ = {
			isa = PBXGroup;
			children = (
			);
			path = Views;
			sourceTree = "<group>";
		};
		9E2515F92237FA7C001797FC /* Models */ = {
			isa = PBXGroup;
			children = (
				9E2515FA2237FA93001797FC /* User.swift */,
				9EA673F02246B67E00CCCDBC /* Message.swift */,
			);
			path = Models;
			sourceTree = "<group>";
		};
		9E2515FC223808A8001797FC /* Controllers */ = {
			isa = PBXGroup;
			children = (
				9EAA17592224809500C89F5D /* LoginController.swift */,
				9EEA032A222537EE00912810 /* UserMainPageController.swift */,
				9E2515F72237F177001797FC /* NewMessageController.swift */,
				9E2515FD22380904001797FC /* SendMessageController.swift */,
				9E38604E223D4143001958B0 /* LoginController+handlers.swift */,
			);
			path = Controllers;
			sourceTree = "<group>";
		};
		9EA673F22246B98600CCCDBC /* CustomCells */ = {
			isa = PBXGroup;
			children = (
				9E0D206A2238368300E1F824 /* ContactCell.swift */,
				9EA673F32246B9AB00CCCDBC /* CustomMessageCell.swift */,
			);
			path = CustomCells;
			sourceTree = "<group>";
		};
		9EAA174B2224809500C89F5D = {
			isa = PBXGroup;
			children = (
				9EAA17562224809500C89F5D /* MessengerApp */,
				9EAA17552224809500C89F5D /* Products */,
				C0B4A01EB3785E5483104B04 /* Pods */,
				E6C03C3ED2928D65763F76B7 /* Frameworks */,
			);
			sourceTree = "<group>";
		};
		9EAA17552224809500C89F5D /* Products */ = {
			isa = PBXGroup;
			children = (
				9EAA17542224809500C89F5D /* MessengerApp.app */,
			);
			name = Products;
			sourceTree = "<group>";
		};
		9EAA17562224809500C89F5D /* MessengerApp */ = {
			isa = PBXGroup;
			children = (
				9EA673F22246B98600CCCDBC /* CustomCells */,
				9EAF9D142240EA72000447B2 /* Helpers */,
				9EAA17572224809500C89F5D /* AppDelegate.swift */,
				9E0D206922382A0F00E1F824 /* Views */,
				9E2515FC223808A8001797FC /* Controllers */,
				9E2515F92237FA7C001797FC /* Models */,
				9EAA175B2224809500C89F5D /* Main.storyboard */,
				9EAA175E2224809600C89F5D /* Assets.xcassets */,
				9EAA17602224809600C89F5D /* LaunchScreen.storyboard */,
				9EAA17692224813600C89F5D /* GoogleService-Info.plist */,
				9EAA17632224809600C89F5D /* Info.plist */,
			);
			path = MessengerApp;
			sourceTree = "<group>";
		};
		9EAF9D142240EA72000447B2 /* Helpers */ = {
			isa = PBXGroup;
			children = (
				9EAF9D152240EA8D000447B2 /* Extensions.swift */,
			);
			path = Helpers;
			sourceTree = "<group>";
		};
		C0B4A01EB3785E5483104B04 /* Pods */ = {
			isa = PBXGroup;
			children = (
				5270CEE9532154F1AE547C2B /* Pods-MessengerApp.debug.xcconfig */,
				D12300719942B48C2E489EF6 /* Pods-MessengerApp.release.xcconfig */,
			);
			name = Pods;
			sourceTree = "<group>";
		};
		E6C03C3ED2928D65763F76B7 /* Frameworks */ = {
			isa = PBXGroup;
			children = (
				5A59395AC82DF278C5E57953 /* Pods_MessengerApp.framework */,
			);
			name = Frameworks;
			sourceTree = "<group>";
		};
/* End PBXGroup section */

/* Begin PBXNativeTarget section */
		9EAA17532224809500C89F5D /* MessengerApp */ = {
			isa = PBXNativeTarget;
			buildConfigurationList = 9EAA17662224809600C89F5D /* Build configuration list for PBXNativeTarget "MessengerApp" */;
			buildPhases = (
				6589FCF60F84107C571B2C02 /* [CP] Check Pods Manifest.lock */,
				9EAA17502224809500C89F5D /* Sources */,
				9EAA17512224809500C89F5D /* Frameworks */,
				9EAA17522224809500C89F5D /* Resources */,
				29D3F9AD7C844F7184F287DE /* [CP] Embed Pods Frameworks */,
			);
			buildRules = (
			);
			dependencies = (
			);
			name = MessengerApp;
			productName = MessengerApp;
			productReference = 9EAA17542224809500C89F5D /* MessengerApp.app */;
			productType = "com.apple.product-type.application";
		};
/* End PBXNativeTarget section */

/* Begin PBXProject section */
		9EAA174C2224809500C89F5D /* Project object */ = {
			isa = PBXProject;
			attributes = {
				LastSwiftUpdateCheck = 1010;
				LastUpgradeCheck = 1010;
				ORGANIZATIONNAME = "Ivan Karpets";
				TargetAttributes = {
					9EAA17532224809500C89F5D = {
						CreatedOnToolsVersion = 10.1;
					};
				};
			};
			buildConfigurationList = 9EAA174F2224809500C89F5D /* Build configuration list for PBXProject "MessengerApp" */;
			compatibilityVersion = "Xcode 9.3";
			developmentRegion = en;
			hasScannedForEncodings = 0;
			knownRegions = (
				en,
				Base,
			);
			mainGroup = 9EAA174B2224809500C89F5D;
			productRefGroup = 9EAA17552224809500C89F5D /* Products */;
			projectDirPath = "";
			projectRoot = "";
			targets = (
				9EAA17532224809500C89F5D /* MessengerApp */,
			);
		};
/* End PBXProject section */

/* Begin PBXResourcesBuildPhase section */
		9EAA17522224809500C89F5D /* Resources */ = {
			isa = PBXResourcesBuildPhase;
			buildActionMask = 2147483647;
			files = (
				9EAA17622224809600C89F5D /* LaunchScreen.storyboard in Resources */,
				9EAA176A2224813600C89F5D /* GoogleService-Info.plist in Resources */,
				9EAA175F2224809600C89F5D /* Assets.xcassets in Resources */,
				9EAA175D2224809500C89F5D /* Main.storyboard in Resources */,
			);
			runOnlyForDeploymentPostprocessing = 0;
		};
/* End PBXResourcesBuildPhase section */

/* Begin PBXShellScriptBuildPhase section */
		29D3F9AD7C844F7184F287DE /* [CP] Embed Pods Frameworks */ = {
			isa = PBXShellScriptBuildPhase;
			buildActionMask = 2147483647;
			files = (
			);
			inputFileListPaths = (
			);
			inputPaths = (
				"${PODS_ROOT}/Target Support Files/Pods-MessengerApp/Pods-MessengerApp-frameworks.sh",
				"${BUILT_PRODUCTS_DIR}/GTMSessionFetcher/GTMSessionFetcher.framework",
				"${BUILT_PRODUCTS_DIR}/GoogleUtilities/GoogleUtilities.framework",
				"${BUILT_PRODUCTS_DIR}/leveldb-library/leveldb.framework",
				"${BUILT_PRODUCTS_DIR}/nanopb/nanopb.framework",
			);
			name = "[CP] Embed Pods Frameworks";
			outputFileListPaths = (
			);
			outputPaths = (
				"${TARGET_BUILD_DIR}/${FRAMEWORKS_FOLDER_PATH}/GTMSessionFetcher.framework",
				"${TARGET_BUILD_DIR}/${FRAMEWORKS_FOLDER_PATH}/GoogleUtilities.framework",
				"${TARGET_BUILD_DIR}/${FRAMEWORKS_FOLDER_PATH}/leveldb.framework",
				"${TARGET_BUILD_DIR}/${FRAMEWORKS_FOLDER_PATH}/nanopb.framework",
			);
			runOnlyForDeploymentPostprocessing = 0;
			shellPath = /bin/sh;
			shellScript = "\"${PODS_ROOT}/Target Support Files/Pods-MessengerApp/Pods-MessengerApp-frameworks.sh\"\n";
			showEnvVarsInLog = 0;
		};
		6589FCF60F84107C571B2C02 /* [CP] Check Pods Manifest.lock */ = {
			isa = PBXShellScriptBuildPhase;
			buildActionMask = 2147483647;
			files = (
			);
			inputFileListPaths = (
			);
			inputPaths = (
				"${PODS_PODFILE_DIR_PATH}/Podfile.lock",
				"${PODS_ROOT}/Manifest.lock",
			);
			name = "[CP] Check Pods Manifest.lock";
			outputFileListPaths = (
			);
			outputPaths = (
				"$(DERIVED_FILE_DIR)/Pods-MessengerApp-checkManifestLockResult.txt",
			);
			runOnlyForDeploymentPostprocessing = 0;
			shellPath = /bin/sh;
			shellScript = "diff \"${PODS_PODFILE_DIR_PATH}/Podfile.lock\" \"${PODS_ROOT}/Manifest.lock\" > /dev/null\nif [ $? != 0 ] ; then\n    # print error to STDERR\n    echo \"error: The sandbox is not in sync with the Podfile.lock. Run 'pod install' or update your CocoaPods installation.\" >&2\n    exit 1\nfi\n# This output is used by Xcode 'outputs' to avoid re-running this script phase.\necho \"SUCCESS\" > \"${SCRIPT_OUTPUT_FILE_0}\"\n";
			showEnvVarsInLog = 0;
		};
/* End PBXShellScriptBuildPhase section */

/* Begin PBXSourcesBuildPhase section */
		9EAA17502224809500C89F5D /* Sources */ = {
			isa = PBXSourcesBuildPhase;
			buildActionMask = 2147483647;
			files = (
				9E2515F82237F177001797FC /* NewMessageController.swift in Sources */,
				9EA673F42246B9AB00CCCDBC /* CustomMessageCell.swift in Sources */,
				9EEA032B222537EE00912810 /* UserMainPageController.swift in Sources */,
				9E38604F223D4143001958B0 /* LoginController+handlers.swift in Sources */,
				9E2515FB2237FA93001797FC /* User.swift in Sources */,
				9E2515FE22380904001797FC /* SendMessageController.swift in Sources */,
				9EAA175A2224809500C89F5D /* LoginController.swift in Sources */,
				9E0D206B2238368300E1F824 /* ContactCell.swift in Sources */,
				9EA673F12246B67E00CCCDBC /* Message.swift in Sources */,
				9EAF9D162240EA8D000447B2 /* Extensions.swift in Sources */,
				9EAA17582224809500C89F5D /* AppDelegate.swift in Sources */,
			);
			runOnlyForDeploymentPostprocessing = 0;
		};
/* End PBXSourcesBuildPhase section */

/* Begin PBXVariantGroup section */
		9EAA175B2224809500C89F5D /* Main.storyboard */ = {
			isa = PBXVariantGroup;
			children = (
				9EAA175C2224809500C89F5D /* Base */,
			);
			name = Main.storyboard;
			sourceTree = "<group>";
		};
		9EAA17602224809600C89F5D /* LaunchScreen.storyboard */ = {
			isa = PBXVariantGroup;
			children = (
				9EAA17612224809600C89F5D /* Base */,
			);
			name = LaunchScreen.storyboard;
			sourceTree = "<group>";
		};
/* End PBXVariantGroup section */

/* Begin XCBuildConfiguration section */
		9EAA17642224809600C89F5D /* Debug */ = {
			isa = XCBuildConfiguration;
			buildSettings = {
				ALWAYS_SEARCH_USER_PATHS = NO;
				CLANG_ANALYZER_NONNULL = YES;
				CLANG_ANALYZER_NUMBER_OBJECT_CONVERSION = YES_AGGRESSIVE;
				CLANG_CXX_LANGUAGE_STANDARD = "gnu++14";
				CLANG_CXX_LIBRARY = "libc++";
				CLANG_ENABLE_MODULES = YES;
				CLANG_ENABLE_OBJC_ARC = YES;
				CLANG_ENABLE_OBJC_WEAK = YES;
				CLANG_WARN_BLOCK_CAPTURE_AUTORELEASING = YES;
				CLANG_WARN_BOOL_CONVERSION = YES;
				CLANG_WARN_COMMA = YES;
				CLANG_WARN_CONSTANT_CONVERSION = YES;
				CLANG_WARN_DEPRECATED_OBJC_IMPLEMENTATIONS = YES;
				CLANG_WARN_DIRECT_OBJC_ISA_USAGE = YES_ERROR;
				CLANG_WARN_DOCUMENTATION_COMMENTS = YES;
				CLANG_WARN_EMPTY_BODY = YES;
				CLANG_WARN_ENUM_CONVERSION = YES;
				CLANG_WARN_INFINITE_RECURSION = YES;
				CLANG_WARN_INT_CONVERSION = YES;
				CLANG_WARN_NON_LITERAL_NULL_CONVERSION = YES;
				CLANG_WARN_OBJC_IMPLICIT_RETAIN_SELF = YES;
				CLANG_WARN_OBJC_LITERAL_CONVERSION = YES;
				CLANG_WARN_OBJC_ROOT_CLASS = YES_ERROR;
				CLANG_WARN_RANGE_LOOP_ANALYSIS = YES;
				CLANG_WARN_STRICT_PROTOTYPES = YES;
				CLANG_WARN_SUSPICIOUS_MOVE = YES;
				CLANG_WARN_UNGUARDED_AVAILABILITY = YES_AGGRESSIVE;
				CLANG_WARN_UNREACHABLE_CODE = YES;
				CLANG_WARN__DUPLICATE_METHOD_MATCH = YES;
				CODE_SIGN_IDENTITY = "iPhone Developer";
				COPY_PHASE_STRIP = NO;
				DEBUG_INFORMATION_FORMAT = dwarf;
				ENABLE_STRICT_OBJC_MSGSEND = YES;
				ENABLE_TESTABILITY = YES;
				GCC_C_LANGUAGE_STANDARD = gnu11;
				GCC_DYNAMIC_NO_PIC = NO;
				GCC_NO_COMMON_BLOCKS = YES;
				GCC_OPTIMIZATION_LEVEL = 0;
				GCC_PREPROCESSOR_DEFINITIONS = (
					"DEBUG=1",
					"$(inherited)",
				);
				GCC_WARN_64_TO_32_BIT_CONVERSION = YES;
				GCC_WARN_ABOUT_RETURN_TYPE = YES_ERROR;
				GCC_WARN_UNDECLARED_SELECTOR = YES;
				GCC_WARN_UNINITIALIZED_AUTOS = YES_AGGRESSIVE;
				GCC_WARN_UNUSED_FUNCTION = YES;
				GCC_WARN_UNUSED_VARIABLE = YES;
				IPHONEOS_DEPLOYMENT_TARGET = 12.1;
				MTL_ENABLE_DEBUG_INFO = INCLUDE_SOURCE;
				MTL_FAST_MATH = YES;
				ONLY_ACTIVE_ARCH = YES;
				SDKROOT = iphoneos;
				SWIFT_ACTIVE_COMPILATION_CONDITIONS = DEBUG;
				SWIFT_OPTIMIZATION_LEVEL = "-Onone";
			};
			name = Debug;
		};
		9EAA17652224809600C89F5D /* Release */ = {
			isa = XCBuildConfiguration;
			buildSettings = {
				ALWAYS_SEARCH_USER_PATHS = NO;
				CLANG_ANALYZER_NONNULL = YES;
				CLANG_ANALYZER_NUMBER_OBJECT_CONVERSION = YES_AGGRESSIVE;
				CLANG_CXX_LANGUAGE_STANDARD = "gnu++14";
				CLANG_CXX_LIBRARY = "libc++";
				CLANG_ENABLE_MODULES = YES;
				CLANG_ENABLE_OBJC_ARC = YES;
				CLANG_ENABLE_OBJC_WEAK = YES;
				CLANG_WARN_BLOCK_CAPTURE_AUTORELEASING = YES;
				CLANG_WARN_BOOL_CONVERSION = YES;
				CLANG_WARN_COMMA = YES;
				CLANG_WARN_CONSTANT_CONVERSION = YES;
				CLANG_WARN_DEPRECATED_OBJC_IMPLEMENTATIONS = YES;
				CLANG_WARN_DIRECT_OBJC_ISA_USAGE = YES_ERROR;
				CLANG_WARN_DOCUMENTATION_COMMENTS = YES;
				CLANG_WARN_EMPTY_BODY = YES;
				CLANG_WARN_ENUM_CONVERSION = YES;
				CLANG_WARN_INFINITE_RECURSION = YES;
				CLANG_WARN_INT_CONVERSION = YES;
				CLANG_WARN_NON_LITERAL_NULL_CONVERSION = YES;
				CLANG_WARN_OBJC_IMPLICIT_RETAIN_SELF = YES;
				CLANG_WARN_OBJC_LITERAL_CONVERSION = YES;
				CLANG_WARN_OBJC_ROOT_CLASS = YES_ERROR;
				CLANG_WARN_RANGE_LOOP_ANALYSIS = YES;
				CLANG_WARN_STRICT_PROTOTYPES = YES;
				CLANG_WARN_SUSPICIOUS_MOVE = YES;
				CLANG_WARN_UNGUARDED_AVAILABILITY = YES_AGGRESSIVE;
				CLANG_WARN_UNREACHABLE_CODE = YES;
				CLANG_WARN__DUPLICATE_METHOD_MATCH = YES;
				CODE_SIGN_IDENTITY = "iPhone Developer";
				COPY_PHASE_STRIP = NO;
				DEBUG_INFORMATION_FORMAT = "dwarf-with-dsym";
				ENABLE_NS_ASSERTIONS = NO;
				ENABLE_STRICT_OBJC_MSGSEND = YES;
				GCC_C_LANGUAGE_STANDARD = gnu11;
				GCC_NO_COMMON_BLOCKS = YES;
				GCC_WARN_64_TO_32_BIT_CONVERSION = YES;
				GCC_WARN_ABOUT_RETURN_TYPE = YES_ERROR;
				GCC_WARN_UNDECLARED_SELECTOR = YES;
				GCC_WARN_UNINITIALIZED_AUTOS = YES_AGGRESSIVE;
				GCC_WARN_UNUSED_FUNCTION = YES;
				GCC_WARN_UNUSED_VARIABLE = YES;
				IPHONEOS_DEPLOYMENT_TARGET = 12.1;
				MTL_ENABLE_DEBUG_INFO = NO;
				MTL_FAST_MATH = YES;
				SDKROOT = iphoneos;
				SWIFT_COMPILATION_MODE = wholemodule;
				SWIFT_OPTIMIZATION_LEVEL = "-O";
				VALIDATE_PRODUCT = YES;
			};
			name = Release;
		};
		9EAA17672224809600C89F5D /* Debug */ = {
			isa = XCBuildConfiguration;
			baseConfigurationReference = 5270CEE9532154F1AE547C2B /* Pods-MessengerApp.debug.xcconfig */;
			buildSettings = {
				ASSETCATALOG_COMPILER_APPICON_NAME = AppIcon;
				CODE_SIGN_STYLE = Automatic;
				DEVELOPMENT_TEAM = "";
				INFOPLIST_FILE = MessengerApp/Info.plist;
				LD_RUNPATH_SEARCH_PATHS = (
					"$(inherited)",
					"@executable_path/Frameworks",
				);
				PRODUCT_BUNDLE_IDENTIFIER = com.MessengerApp;
				PRODUCT_NAME = "$(TARGET_NAME)";
				SWIFT_VERSION = 4.2;
				TARGETED_DEVICE_FAMILY = "1,2";
			};
			name = Debug;
		};
		9EAA17682224809600C89F5D /* Release */ = {
			isa = XCBuildConfiguration;
			baseConfigurationReference = D12300719942B48C2E489EF6 /* Pods-MessengerApp.release.xcconfig */;
			buildSettings = {
				ASSETCATALOG_COMPILER_APPICON_NAME = AppIcon;
				CODE_SIGN_STYLE = Automatic;
				DEVELOPMENT_TEAM = "";
				INFOPLIST_FILE = MessengerApp/Info.plist;
				LD_RUNPATH_SEARCH_PATHS = (
					"$(inherited)",
					"@executable_path/Frameworks",
				);
				PRODUCT_BUNDLE_IDENTIFIER = com.MessengerApp;
				PRODUCT_NAME = "$(TARGET_NAME)";
				SWIFT_VERSION = 4.2;
				TARGETED_DEVICE_FAMILY = "1,2";
			};
			name = Release;
		};
/* End XCBuildConfiguration section */

/* Begin XCConfigurationList section */
		9EAA174F2224809500C89F5D /* Build configuration list for PBXProject "MessengerApp" */ = {
			isa = XCConfigurationList;
			buildConfigurations = (
				9EAA17642224809600C89F5D /* Debug */,
				9EAA17652224809600C89F5D /* Release */,
			);
			defaultConfigurationIsVisible = 0;
			defaultConfigurationName = Release;
		};
		9EAA17662224809600C89F5D /* Build configuration list for PBXNativeTarget "MessengerApp" */ = {
			isa = XCConfigurationList;
			buildConfigurations = (
				9EAA17672224809600C89F5D /* Debug */,
				9EAA17682224809600C89F5D /* Release */,
			);
			defaultConfigurationIsVisible = 0;
			defaultConfigurationName = Release;
		};
/* End XCConfigurationList section */
	};
	rootObject = 9EAA174C2224809500C89F5D /* Project object */;
}
